// !$*UTF8*$!
{
	archiveVersion = 1;
	classes = {
	};
	objectVersion = 51;
	objects = {

/* Begin PBXBuildFile section */
		340B5D14B3C8205C3C997192 /* libPods-gmaps.a in Frameworks */ = {isa = PBXBuildFile; fileRef = 7C83096ED666960037A13F60 /* libPods-gmaps.a */; };
		AC6E7A7924C3244200FD687A /* Array+Extention.swift in Sources */ = {isa = PBXBuildFile; fileRef = AC6E7A7824C3244200FD687A /* Array+Extention.swift */; };
		ACD937B424BFC1B8004A4953 /* AppDelegate.swift in Sources */ = {isa = PBXBuildFile; fileRef = ACD937B324BFC1B8004A4953 /* AppDelegate.swift */; };
		ACD937B624BFC1B8004A4953 /* ViewController.swift in Sources */ = {isa = PBXBuildFile; fileRef = ACD937B524BFC1B8004A4953 /* ViewController.swift */; };
		ACD937B924BFC1B8004A4953 /* Main.storyboard in Resources */ = {isa = PBXBuildFile; fileRef = ACD937B724BFC1B8004A4953 /* Main.storyboard */; };
		ACD937BB24BFC1B8004A4953 /* Assets.xcassets in Resources */ = {isa = PBXBuildFile; fileRef = ACD937BA24BFC1B8004A4953 /* Assets.xcassets */; };
		ACD937BE24BFC1B8004A4953 /* LaunchScreen.storyboard in Resources */ = {isa = PBXBuildFile; fileRef = ACD937BC24BFC1B8004A4953 /* LaunchScreen.storyboard */; };
		ACD937C624BFC261004A4953 /* Podfile in Resources */ = {isa = PBXBuildFile; fileRef = ACD937C524BFC261004A4953 /* Podfile */; };
/* End PBXBuildFile section */

/* Begin PBXFileReference section */
		7C83096ED666960037A13F60 /* libPods-gmaps.a */ = {isa = PBXFileReference; explicitFileType = archive.ar; includeInIndex = 0; path = "libPods-gmaps.a"; sourceTree = BUILT_PRODUCTS_DIR; };
		AC6E7A7824C3244200FD687A /* Array+Extention.swift */ = {isa = PBXFileReference; lastKnownFileType = sourcecode.swift; path = "Array+Extention.swift"; sourceTree = "<group>"; };
		ACD937B024BFC1B8004A4953 /* gmaps.app */ = {isa = PBXFileReference; explicitFileType = wrapper.application; includeInIndex = 0; path = gmaps.app; sourceTree = BUILT_PRODUCTS_DIR; };
		ACD937B324BFC1B8004A4953 /* AppDelegate.swift */ = {isa = PBXFileReference; lastKnownFileType = sourcecode.swift; path = AppDelegate.swift; sourceTree = "<group>"; };
		ACD937B524BFC1B8004A4953 /* ViewController.swift */ = {isa = PBXFileReference; lastKnownFileType = sourcecode.swift; path = ViewController.swift; sourceTree = "<group>"; };
		ACD937B824BFC1B8004A4953 /* Base */ = {isa = PBXFileReference; lastKnownFileType = file.storyboard; name = Base; path = Base.lproj/Main.storyboard; sourceTree = "<group>"; };
		ACD937BA24BFC1B8004A4953 /* Assets.xcassets */ = {isa = PBXFileReference; lastKnownFileType = folder.assetcatalog; path = Assets.xcassets; sourceTree = "<group>"; };
		ACD937BD24BFC1B8004A4953 /* Base */ = {isa = PBXFileReference; lastKnownFileType = file.storyboard; name = Base; path = Base.lproj/LaunchScreen.storyboard; sourceTree = "<group>"; };
		ACD937BF24BFC1B8004A4953 /* Info.plist */ = {isa = PBXFileReference; lastKnownFileType = text.plist.xml; path = Info.plist; sourceTree = "<group>"; };
		ACD937C524BFC261004A4953 /* Podfile */ = {isa = PBXFileReference; lastKnownFileType = text; path = Podfile; sourceTree = "<group>"; };
		BADF64245F785DE7CCBCED93 /* Pods-gmaps.release.xcconfig */ = {isa = PBXFileReference; includeInIndex = 1; lastKnownFileType = text.xcconfig; name = "Pods-gmaps.release.xcconfig"; path = "Target Support Files/Pods-gmaps/Pods-gmaps.release.xcconfig"; sourceTree = "<group>"; };
		C8B3BDDD2C999978A30D9DE8 /* Pods-gmaps.debug.xcconfig */ = {isa = PBXFileReference; includeInIndex = 1; lastKnownFileType = text.xcconfig; name = "Pods-gmaps.debug.xcconfig"; path = "Target Support Files/Pods-gmaps/Pods-gmaps.debug.xcconfig"; sourceTree = "<group>"; };
/* End PBXFileReference section */

/* Begin PBXFrameworksBuildPhase section */
		ACD937AD24BFC1B8004A4953 /* Frameworks */ = {
			isa = PBXFrameworksBuildPhase;
			buildActionMask = 2147483647;
			files = (
				340B5D14B3C8205C3C997192 /* libPods-gmaps.a in Frameworks */,
			);
			runOnlyForDeploymentPostprocessing = 0;
		};
/* End PBXFrameworksBuildPhase section */

/* Begin PBXGroup section */
		58C6210E95C0DB24C7BA0824 /* Pods */ = {
			isa = PBXGroup;
			children = (
				C8B3BDDD2C999978A30D9DE8 /* Pods-gmaps.debug.xcconfig */,
				BADF64245F785DE7CCBCED93 /* Pods-gmaps.release.xcconfig */,
			);
			path = Pods;
			sourceTree = "<group>";
		};
		9E3CB6ADD7D2B4CD4D724E69 /* Frameworks */ = {
			isa = PBXGroup;
			children = (
				7C83096ED666960037A13F60 /* libPods-gmaps.a */,
			);
			name = Frameworks;
			sourceTree = "<group>";
		};
		ACD937A724BFC1B7004A4953 = {
			isa = PBXGroup;
			children = (
				ACD937C524BFC261004A4953 /* Podfile */,
				ACD937B224BFC1B8004A4953 /* gmaps */,
				ACD937B124BFC1B8004A4953 /* Products */,
				58C6210E95C0DB24C7BA0824 /* Pods */,
				9E3CB6ADD7D2B4CD4D724E69 /* Frameworks */,
			);
			sourceTree = "<group>";
		};
		ACD937B124BFC1B8004A4953 /* Products */ = {
			isa = PBXGroup;
			children = (
				ACD937B024BFC1B8004A4953 /* gmaps.app */,
			);
			name = Products;
			sourceTree = "<group>";
		};
		ACD937B224BFC1B8004A4953 /* gmaps */ = {
			isa = PBXGroup;
			children = (
				ACD937B324BFC1B8004A4953 /* AppDelegate.swift */,
				ACD937B524BFC1B8004A4953 /* ViewController.swift */,
				ACD937B724BFC1B8004A4953 /* Main.storyboard */,
				ACD937BA24BFC1B8004A4953 /* Assets.xcassets */,
				ACD937BC24BFC1B8004A4953 /* LaunchScreen.storyboard */,
				ACD937BF24BFC1B8004A4953 /* Info.plist */,
				AC6E7A7824C3244200FD687A /* Array+Extention.swift */,
			);
			path = gmaps;
			sourceTree = "<group>";
		};
/* End PBXGroup section */

/* Begin PBXNativeTarget section */
		ACD937AF24BFC1B8004A4953 /* gmaps */ = {
			isa = PBXNativeTarget;
			buildConfigurationList = ACD937C224BFC1B8004A4953 /* Build configuration list for PBXNativeTarget "gmaps" */;
			buildPhases = (
				6CAA49E59F8CBA78F36CC59E /* [CP] Check Pods Manifest.lock */,
				ACD937AC24BFC1B8004A4953 /* Sources */,
				ACD937AD24BFC1B8004A4953 /* Frameworks */,
				ACD937AE24BFC1B8004A4953 /* Resources */,
				1690B81AE443F57BAB62855A /* [CP] Copy Pods Resources */,
			);
			buildRules = (
			);
			dependencies = (
			);
			name = gmaps;
			productName = gmaps;
			productReference = ACD937B024BFC1B8004A4953 /* gmaps.app */;
			productType = "com.apple.product-type.application";
		};
/* End PBXNativeTarget section */

/* Begin PBXProject section */
		ACD937A824BFC1B7004A4953 /* Project object */ = {
			isa = PBXProject;
			attributes = {
				LastSwiftUpdateCheck = 1030;
				LastUpgradeCheck = 1030;
				ORGANIZATIONNAME = "Marvin Matos";
				TargetAttributes = {
					ACD937AF24BFC1B8004A4953 = {
						CreatedOnToolsVersion = 10.3;
					};
				};
			};
			buildConfigurationList = ACD937AB24BFC1B7004A4953 /* Build configuration list for PBXProject "gmaps" */;
			compatibilityVersion = "Xcode 9.3";
			developmentRegion = en;
			hasScannedForEncodings = 0;
			knownRegions = (
				en,
				Base,
			);
			mainGroup = ACD937A724BFC1B7004A4953;
			productRefGroup = ACD937B124BFC1B8004A4953 /* Products */;
			projectDirPath = "";
			projectRoot = "";
			targets = (
				ACD937AF24BFC1B8004A4953 /* gmaps */,
			);
		};
/* End PBXProject section */

/* Begin PBXResourcesBuildPhase section */
		ACD937AE24BFC1B8004A4953 /* Resources */ = {
			isa = PBXResourcesBuildPhase;
			buildActionMask = 2147483647;
			files = (
				ACD937BE24BFC1B8004A4953 /* LaunchScreen.storyboard in Resources */,
				ACD937BB24BFC1B8004A4953 /* Assets.xcassets in Resources */,
				ACD937C624BFC261004A4953 /* Podfile in Resources */,
				ACD937B924BFC1B8004A4953 /* Main.storyboard in Resources */,
			);
			runOnlyForDeploymentPostprocessing = 0;
		};
/* End PBXResourcesBuildPhase section */

/* Begin PBXShellScriptBuildPhase section */
		1690B81AE443F57BAB62855A /* [CP] Copy Pods Resources */ = {
			isa = PBXShellScriptBuildPhase;
			buildActionMask = 2147483647;
			files = (
			);
			inputFileListPaths = (
				"${PODS_ROOT}/Target Support Files/Pods-gmaps/Pods-gmaps-resources-${CONFIGURATION}-input-files.xcfilelist",
			);
			name = "[CP] Copy Pods Resources";
			outputFileListPaths = (
				"${PODS_ROOT}/Target Support Files/Pods-gmaps/Pods-gmaps-resources-${CONFIGURATION}-output-files.xcfilelist",
			);
			runOnlyForDeploymentPostprocessing = 0;
			shellPath = /bin/sh;
			shellScript = "\"${PODS_ROOT}/Target Support Files/Pods-gmaps/Pods-gmaps-resources.sh\"\n";
			showEnvVarsInLog = 0;
		};
		6CAA49E59F8CBA78F36CC59E /* [CP] Check Pods Manifest.lock */ = {
			isa = PBXShellScriptBuildPhase;
			buildActionMask = 2147483647;
			files = (
			);
			inputFileListPaths = (
			);
			inputPaths = (
				"${PODS_PODFILE_DIR_PATH}/Podfile.lock",
				"${PODS_ROOT}/Manifest.lock",
			);
			name = "[CP] Check Pods Manifest.lock";
			outputFileListPaths = (
			);
			outputPaths = (
				"$(DERIVED_FILE_DIR)/Pods-gmaps-checkManifestLockResult.txt",
			);
			runOnlyForDeploymentPostprocessing = 0;
			shellPath = /bin/sh;
			shellScript = "diff \"${PODS_PODFILE_DIR_PATH}/Podfile.lock\" \"${PODS_ROOT}/Manifest.lock\" > /dev/null\nif [ $? != 0 ] ; then\n    # print error to STDERR\n    echo \"error: The sandbox is not in sync with the Podfile.lock. Run 'pod install' or update your CocoaPods installation.\" >&2\n    exit 1\nfi\n# This output is used by Xcode 'outputs' to avoid re-running this script phase.\necho \"SUCCESS\" > \"${SCRIPT_OUTPUT_FILE_0}\"\n";
			showEnvVarsInLog = 0;
		};
/* End PBXShellScriptBuildPhase section */

/* Begin PBXSourcesBuildPhase section */
		ACD937AC24BFC1B8004A4953 /* Sources */ = {
			isa = PBXSourcesBuildPhase;
			buildActionMask = 2147483647;
			files = (
				ACD937B624BFC1B8004A4953 /* ViewController.swift in Sources */,
				ACD937B424BFC1B8004A4953 /* AppDelegate.swift in Sources */,
				AC6E7A7924C3244200FD687A /* Array+Extention.swift in Sources */,
			);
			runOnlyForDeploymentPostprocessing = 0;
		};
/* End PBXSourcesBuildPhase section */

/* Begin PBXVariantGroup section */
		ACD937B724BFC1B8004A4953 /* Main.storyboard */ = {
			isa = PBXVariantGroup;
			children = (
				ACD937B824BFC1B8004A4953 /* Base */,
			);
			name = Main.storyboard;
			sourceTree = "<group>";
		};
		ACD937BC24BFC1B8004A4953 /* LaunchScreen.storyboard */ = {
			isa = PBXVariantGroup;
			children = (
				ACD937BD24BFC1B8004A4953 /* Base */,
			);
			name = LaunchScreen.storyboard;
			sourceTree = "<group>";
		};
/* End PBXVariantGroup section */

/* Begin XCBuildConfiguration section */
		ACD937C024BFC1B8004A4953 /* Debug */ = {
			isa = XCBuildConfiguration;
			buildSettings = {
				ALWAYS_SEARCH_USER_PATHS = NO;
				CLANG_ANALYZER_NONNULL = YES;
				CLANG_ANALYZER_NUMBER_OBJECT_CONVERSION = YES_AGGRESSIVE;
				CLANG_CXX_LANGUAGE_STANDARD = "gnu++14";
				CLANG_CXX_LIBRARY = "libc++";
				CLANG_ENABLE_MODULES = YES;
				CLANG_ENABLE_OBJC_ARC = YES;
				CLANG_ENABLE_OBJC_WEAK = YES;
				CLANG_WARN_BLOCK_CAPTURE_AUTORELEASING = YES;
				CLANG_WARN_BOOL_CONVERSION = YES;
				CLANG_WARN_COMMA = YES;
				CLANG_WARN_CONSTANT_CONVERSION = YES;
				CLANG_WARN_DEPRECATED_OBJC_IMPLEMENTATIONS = YES;
				CLANG_WARN_DIRECT_OBJC_ISA_USAGE = YES_ERROR;
				CLANG_WARN_DOCUMENTATION_COMMENTS = YES;
				CLANG_WARN_EMPTY_BODY = YES;
				CLANG_WARN_ENUM_CONVERSION = YES;
				CLANG_WARN_INFINITE_RECURSION = YES;
				CLANG_WARN_INT_CONVERSION = YES;
				CLANG_WARN_NON_LITERAL_NULL_CONVERSION = YES;
				CLANG_WARN_OBJC_IMPLICIT_RETAIN_SELF = YES;
				CLANG_WARN_OBJC_LITERAL_CONVERSION = YES;
				CLANG_WARN_OBJC_ROOT_CLASS = YES_ERROR;
				CLANG_WARN_RANGE_LOOP_ANALYSIS = YES;
				CLANG_WARN_STRICT_PROTOTYPES = YES;
				CLANG_WARN_SUSPICIOUS_MOVE = YES;
				CLANG_WARN_UNGUARDED_AVAILABILITY = YES_AGGRESSIVE;
				CLANG_WARN_UNREACHABLE_CODE = YES;
				CLANG_WARN__DUPLICATE_METHOD_MATCH = YES;
				CODE_SIGN_IDENTITY = "iPhone Developer";
				COPY_PHASE_STRIP = NO;
				DEBUG_INFORMATION_FORMAT = dwarf;
				ENABLE_STRICT_OBJC_MSGSEND = YES;
				ENABLE_TESTABILITY = YES;
				GCC_C_LANGUAGE_STANDARD = gnu11;
				GCC_DYNAMIC_NO_PIC = NO;
				GCC_NO_COMMON_BLOCKS = YES;
				GCC_OPTIMIZATION_LEVEL = 0;
				GCC_PREPROCESSOR_DEFINITIONS = (
					"DEBUG=1",
					"$(inherited)",
				);
				GCC_WARN_64_TO_32_BIT_CONVERSION = YES;
				GCC_WARN_ABOUT_RETURN_TYPE = YES_ERROR;
				GCC_WARN_UNDECLARED_SELECTOR = YES;
				GCC_WARN_UNINITIALIZED_AUTOS = YES_AGGRESSIVE;
				GCC_WARN_UNUSED_FUNCTION = YES;
				GCC_WARN_UNUSED_VARIABLE = YES;
				IPHONEOS_DEPLOYMENT_TARGET = 12.4;
				MTL_ENABLE_DEBUG_INFO = INCLUDE_SOURCE;
				MTL_FAST_MATH = YES;
				ONLY_ACTIVE_ARCH = YES;
				SDKROOT = iphoneos;
				SWIFT_ACTIVE_COMPILATION_CONDITIONS = DEBUG;
				SWIFT_OPTIMIZATION_LEVEL = "-Onone";
			};
			name = Debug;
		};
		ACD937C124BFC1B8004A4953 /* Release */ = {
			isa = XCBuildConfiguration;
			buildSettings = {
				ALWAYS_SEARCH_USER_PATHS = NO;
				CLANG_ANALYZER_NONNULL = YES;
				CLANG_ANALYZER_NUMBER_OBJECT_CONVERSION = YES_AGGRESSIVE;
				CLANG_CXX_LANGUAGE_STANDARD = "gnu++14";
				CLANG_CXX_LIBRARY = "libc++";
				CLANG_ENABLE_MODULES = YES;
				CLANG_ENABLE_OBJC_ARC = YES;
				CLANG_ENABLE_OBJC_WEAK = YES;
				CLANG_WARN_BLOCK_CAPTURE_AUTORELEASING = YES;
				CLANG_WARN_BOOL_CONVERSION = YES;
				CLANG_WARN_COMMA = YES;
				CLANG_WARN_CONSTANT_CONVERSION = YES;
				CLANG_WARN_DEPRECATED_OBJC_IMPLEMENTATIONS = YES;
				CLANG_WARN_DIRECT_OBJC_ISA_USAGE = YES_ERROR;
				CLANG_WARN_DOCUMENTATION_COMMENTS = YES;
				CLANG_WARN_EMPTY_BODY = YES;
				CLANG_WARN_ENUM_CONVERSION = YES;
				CLANG_WARN_INFINITE_RECURSION = YES;
				CLANG_WARN_INT_CONVERSION = YES;
				CLANG_WARN_NON_LITERAL_NULL_CONVERSION = YES;
				CLANG_WARN_OBJC_IMPLICIT_RETAIN_SELF = YES;
				CLANG_WARN_OBJC_LITERAL_CONVERSION = YES;
				CLANG_WARN_OBJC_ROOT_CLASS = YES_ERROR;
				CLANG_WARN_RANGE_LOOP_ANALYSIS = YES;
				CLANG_WARN_STRICT_PROTOTYPES = YES;
				CLANG_WARN_SUSPICIOUS_MOVE = YES;
				CLANG_WARN_UNGUARDED_AVAILABILITY = YES_AGGRESSIVE;
				CLANG_WARN_UNREACHABLE_CODE = YES;
				CLANG_WARN__DUPLICATE_METHOD_MATCH = YES;
				CODE_SIGN_IDENTITY = "iPhone Developer";
				COPY_PHASE_STRIP = NO;
				DEBUG_INFORMATION_FORMAT = "dwarf-with-dsym";
				ENABLE_NS_ASSERTIONS = NO;
				ENABLE_STRICT_OBJC_MSGSEND = YES;
				GCC_C_LANGUAGE_STANDARD = gnu11;
				GCC_NO_COMMON_BLOCKS = YES;
				GCC_WARN_64_TO_32_BIT_CONVERSION = YES;
				GCC_WARN_ABOUT_RETURN_TYPE = YES_ERROR;
				GCC_WARN_UNDECLARED_SELECTOR = YES;
				GCC_WARN_UNINITIALIZED_AUTOS = YES_AGGRESSIVE;
				GCC_WARN_UNUSED_FUNCTION = YES;
				GCC_WARN_UNUSED_VARIABLE = YES;
				IPHONEOS_DEPLOYMENT_TARGET = 12.4;
				MTL_ENABLE_DEBUG_INFO = NO;
				MTL_FAST_MATH = YES;
				SDKROOT = iphoneos;
				SWIFT_COMPILATION_MODE = wholemodule;
				SWIFT_OPTIMIZATION_LEVEL = "-O";
				VALIDATE_PRODUCT = YES;
			};
			name = Release;
		};
		ACD937C324BFC1B8004A4953 /* Debug */ = {
			isa = XCBuildConfiguration;
			baseConfigurationReference = C8B3BDDD2C999978A30D9DE8 /* Pods-gmaps.debug.xcconfig */;
			buildSettings = {
				ASSETCATALOG_COMPILER_APPICON_NAME = AppIcon;
				CODE_SIGN_STYLE = Automatic;
				DEVELOPMENT_TEAM = AFP2GU62K5;
				INFOPLIST_FILE = gmaps/Info.plist;
				LD_RUNPATH_SEARCH_PATHS = (
					"$(inherited)",
					"@executable_path/Frameworks",
				);
				PRODUCT_BUNDLE_IDENTIFIER = com.54b3r.gmaps;
				PRODUCT_NAME = "$(TARGET_NAME)";
				SWIFT_VERSION = 5.0;
				TARGETED_DEVICE_FAMILY = "1,2";
			};
			name = Debug;
		};
		ACD937C424BFC1B8004A4953 /* Release */ = {
			isa = XCBuildConfiguration;
			baseConfigurationReference = BADF64245F785DE7CCBCED93 /* Pods-gmaps.release.xcconfig */;
			buildSettings = {
				ASSETCATALOG_COMPILER_APPICON_NAME = AppIcon;
				CODE_SIGN_STYLE = Automatic;
				DEVELOPMENT_TEAM = AFP2GU62K5;
				INFOPLIST_FILE = gmaps/Info.plist;
				LD_RUNPATH_SEARCH_PATHS = (
					"$(inherited)",
					"@executable_path/Frameworks",
				);
				PRODUCT_BUNDLE_IDENTIFIER = com.54b3r.gmaps;
				PRODUCT_NAME = "$(TARGET_NAME)";
				SWIFT_VERSION = 5.0;
				TARGETED_DEVICE_FAMILY = "1,2";
			};
			name = Release;
		};
/* End XCBuildConfiguration section */

/* Begin XCConfigurationList section */
		ACD937AB24BFC1B7004A4953 /* Build configuration list for PBXProject "gmaps" */ = {
			isa = XCConfigurationList;
			buildConfigurations = (
				ACD937C024BFC1B8004A4953 /* Debug */,
				ACD937C124BFC1B8004A4953 /* Release */,
			);
			defaultConfigurationIsVisible = 0;
			defaultConfigurationName = Release;
		};
		ACD937C224BFC1B8004A4953 /* Build configuration list for PBXNativeTarget "gmaps" */ = {
			isa = XCConfigurationList;
			buildConfigurations = (
				ACD937C324BFC1B8004A4953 /* Debug */,
				ACD937C424BFC1B8004A4953 /* Release */,
			);
			defaultConfigurationIsVisible = 0;
			defaultConfigurationName = Release;
		};
/* End XCConfigurationList section */
	};
	rootObject = ACD937A824BFC1B7004A4953 /* Project object */;
}
